{
  "name": "patrun",
  "version": "7.2.7",
  "lockfileVersion": 3,
  "requires": true,
  "packages": {
    "": {
      "name": "patrun",
      "version": "7.2.7",
      "license": "MIT",
      "dependencies": {
        "gex": "4.1.2"
      },
      "devDependencies": {
        "@types/node": "25.6.0",
        "jsonic": "2.27.0",
        "typescript": "6.0.3"
      }
    },
    "node_modules/@types/node": {
      "version": "25.6.0",
      "resolved": "https://registry.npmjs.org/@types/node/-/node-25.6.0.tgz",
      "integrity": "sha512-+qIYRKdNYJwY3vRCZMdJbPLJAtGjQBudzZzdzwQYkEPQd+PJGixUL5QfvCLDaULoLv+RhT3LDkwEfKaAkgSmNQ==",
      "dev": true,
      "license": "MIT",
      "dependencies": {
        "undici-types": "~7.19.0"
      }
    },
    "node_modules/gex": {
      "version": "4.1.2",
      "resolved": "https://registry.npmjs.org/gex/-/gex-4.1.2.tgz",
      "integrity": "sha512-//zJKNXXTn3i5nGmVddSiGE1unBCieAgXpPWFII5nVn4LEJIISHavziKuy05FzAjlE/FPSLPTxnfWgf7hNS59w==",
      "license": "MIT"
    },
    "node_modules/jsonic": {
      "version": "2.27.0",
      "resolved": "https://registry.npmjs.org/jsonic/-/jsonic-2.27.0.tgz",
      "integrity": "sha512-X21UdiR0uuTi8MswYz9M7K4ZxXyTD8AF0JSRELbmXI9bYKGamw31XdMkDoVmH9TA/RV/kRJSpDRpeSMaghypXg==",
      "dev": true,
      "license": "MIT",
      "bin": {
        "jsonic": "bin/jsonic",
        "jsonic-bnf": "bin/jsonic-bnf"
      }
    },
    "node_modules/typescript": {
      "version": "6.0.3",
      "resolved": "https://registry.npmjs.org/typescript/-/typescript-6.0.3.tgz",
      "integrity": "sha512-y2TvuxSZPDyQakkFRPZHKFm+KKVqIisdg9/CZwm9ftvKXLP8NRWj38/ODjNbr43SsoXqNuAisEf1GdCxqWcdBw==",
      "dev": true,
      "license": "Apache-2.0",
      "bin": {
        "tsc": "bin/tsc",
        "tsserver": "bin/tsserver"
      },
      "engines": {
        "node": ">=14.17"
      }
    },
    "node_modules/undici-types": {
      "version": "7.19.2",
      "resolved": "https://registry.npmjs.org/undici-types/-/undici-types-7.19.2.tgz",
      "integrity": "sha512-qYVnV5OEm2AW8cJMCpdV20CDyaN3g0AjDlOGf1OW4iaDEx8MwdtChUp4zu4H0VP3nDRF/8RKWH+IPp9uW0YGZg==",
      "dev": true,
      "license": "MIT"
    }
  }
}
